# This file is automatically @generated by Poetry 1.8.3 and should not be changed by hand.

[[package]]
name = "ale-py"
version = "0.8.1"
description = "The Arcade Learning Environment (ALE) - a platform for AI research."
optional = false
python-versions = ">=3.7"
files = [
    {file = "ale_py-0.8.1-cp310-cp310-macosx_10_15_x86_64.whl", hash = "sha256:b2aa2f69a4169742800615970efe6914fa856e33eaf7fa9133c0e06a617a80e2"},
    {file = "ale_py-0.8.1-cp310-cp310-macosx_11_0_arm64.whl", hash = "sha256:6f2f6b92c8fd6189654979bbf0b305dbe0ecf82176c47f244d8c1cbc36286b89"},
    {file = "ale_py-0.8.1-cp310-cp310-manylinux_2_17_x86_64.manylinux2014_x86_64.whl", hash = "sha256:c9b168eb88c87d0f3e2a778e6c5cdde4ad951d1ca8a6dc3d3679fd45398df7d1"},
    {file = "ale_py-0.8.1-cp310-cp310-win_amd64.whl", hash = "sha256:5fcc31f495de79ee1d6bfc0f4b7c4619948851e679bbf010035e25f23146a687"},
    {file = "ale_py-0.8.1-cp311-cp311-macosx_10_15_x86_64.whl", hash = "sha256:0856ca777473ec4ae8a59f3af9580259adb0fd4a47d586a125a440c62e82fc10"},
    {file = "ale_py-0.8.1-cp311-cp311-macosx_11_0_arm64.whl", hash = "sha256:f10b1df8774bbe3b00365748b5e0e07cf35f6a703bbaff991bc7b3b2247dccc9"},
    {file = "ale_py-0.8.1-cp311-cp311-manylinux_2_17_x86_64.manylinux2014_x86_64.whl", hash = "sha256:0006d80dfe7745eb5a93444492337203c8bc7eb594a2c24c6a651c5c5b0eaf09"},
    {file = "ale_py-0.8.1-cp311-cp311-win_amd64.whl", hash = "sha256:9773eea7505484e024beb2fff0f3bfd363db151bdb9799d70995448e196b1ded"},
    {file = "ale_py-0.8.1-cp37-cp37m-macosx_10_15_x86_64.whl", hash = "sha256:87557db05be0e04130e2ec1bf909d3bb0b0bc034645d4f664e6baa573fe32191"},
    {file = "ale_py-0.8.1-cp37-cp37m-manylinux_2_17_x86_64.manylinux2014_x86_64.whl", hash = "sha256:ae2ba24557e0ce541ea3be13b148db2a9cfa730d83537b4cbed5e10449826e51"},
    {file = "ale_py-0.8.1-cp37-cp37m-win_amd64.whl", hash = "sha256:ade5c32af567629164a6b49378978c728a15dc4db07ad6b679e8832d4fd3ea1f"},
    {file = "ale_py-0.8.1-cp38-cp38-macosx_10_15_x86_64.whl", hash = "sha256:0ffecb5c956749596030e464827642945162170a132d093c3d4fa2d7e5725c18"},
    {file = "ale_py-0.8.1-cp38-cp38-macosx_11_0_arm64.whl", hash = "sha256:7cd74b7ee0248ef11a086c9764e142e71defd40ec8989a99232bfd2d9e8023be"},
    {file = "ale_py-0.8.1-cp38-cp38-manylinux_2_17_x86_64.manylinux2014_x86_64.whl", hash = "sha256:eadf9f3990b4ff2f9e5ca35889f5e2e95cddd6a353d9d857d9b4601a6e1c4e7c"},
    {file = "ale_py-0.8.1-cp38-cp38-win_amd64.whl", hash = "sha256:817adf9a3a82c4923c731e634520a5ecf296aca0367f5c69959a96b32119d831"},
    {file = "ale_py-0.8.1-cp39-cp39-macosx_10_15_x86_64.whl", hash = "sha256:2d9fcfa06c74a613c5419e942ef4d3e0959533f52e94d2d4bda61d07fbfffeee"},
    {file = "ale_py-0.8.1-cp39-cp39-macosx_11_0_arm64.whl", hash = "sha256:f278036f9b6066062abcdf0987a0ec5a8e0f22a2c7cfac925e39378d4343d490"},
    {file = "ale_py-0.8.1-cp39-cp39-manylinux_2_17_x86_64.manylinux2014_x86_64.whl", hash = "sha256:b00f74e27815131c1a2791f3d48114363fa2708e19f09ce6b7b614cb14c9d469"},
    {file = "ale_py-0.8.1-cp39-cp39-win_amd64.whl", hash = "sha256:d49b550a2d9c25b63c343aa680fd81f253a3714cdc0e1835640933ebff1798ff"},
]

[package.dependencies]
importlib-resources = "*"
numpy = "*"

[package.extras]
test = ["gym (>=0.23,<1.0)", "pytest (>=7.0)"]

[[package]]
name = "cloudpickle"
version = "3.0.0"
description = "Pickler class to extend the standard pickle.Pickler functionality"
optional = false
python-versions = ">=3.8"
files = [
    {file = "cloudpickle-3.0.0-py3-none-any.whl", hash = "sha256:246ee7d0c295602a036e86369c77fecda4ab17b506496730f2f576d9016fd9c7"},
    {file = "cloudpickle-3.0.0.tar.gz", hash = "sha256:996d9a482c6fb4f33c1a35335cf8afd065d2a56e973270364840712d9131a882"},
]

[[package]]
name = "colorama"
version = "0.4.6"
description = "Cross-platform colored terminal text."
optional = false
python-versions = "!=3.0.*,!=3.1.*,!=3.2.*,!=3.3.*,!=3.4.*,!=3.5.*,!=3.6.*,>=2.7"
files = [
    {file = "colorama-0.4.6-py2.py3-none-any.whl", hash = "sha256:4f1d9991f5acc0ca119f9d443620b77f9d6b33703e51011c16baf57afb285fc6"},
    {file = "colorama-0.4.6.tar.gz", hash = "sha256:08695f5cb7ed6e0531a20572697297273c47b8cae5a63ffc6d6ed5c201be6e44"},
]

[[package]]
name = "farama-notifications"
version = "0.0.4"
description = "Notifications for all Farama Foundation maintained libraries."
optional = false
python-versions = "*"
files = [
    {file = "Farama-Notifications-0.0.4.tar.gz", hash = "sha256:13fceff2d14314cf80703c8266462ebf3733c7d165336eee998fc58e545efd18"},
    {file = "Farama_Notifications-0.0.4-py3-none-any.whl", hash = "sha256:14de931035a41961f7c056361dc7f980762a143d05791ef5794a751a2caf05ae"},
]

[[package]]
name = "gymnasium"
version = "0.29.1"
description = "A standard API for reinforcement learning and a diverse set of reference environments (formerly Gym)."
optional = false
python-versions = ">=3.8"
files = [
    {file = "gymnasium-0.29.1-py3-none-any.whl", hash = "sha256:61c3384b5575985bb7f85e43213bcb40f36fcdff388cae6bc229304c71f2843e"},
    {file = "gymnasium-0.29.1.tar.gz", hash = "sha256:1a532752efcb7590478b1cc7aa04f608eb7a2fdad5570cd217b66b6a35274bb1"},
]

[package.dependencies]
cloudpickle = ">=1.2.0"
farama-notifications = ">=0.0.1"
numpy = ">=1.21.0"
typing-extensions = ">=4.3.0"

[package.extras]
accept-rom-license = ["autorom[accept-rom-license] (>=0.4.2,<0.5.0)"]
all = ["box2d-py (==2.3.5)", "cython (<3)", "imageio (>=2.14.1)", "jax (>=0.4.0)", "jaxlib (>=0.4.0)", "lz4 (>=3.1.0)", "matplotlib (>=3.0)", "moviepy (>=1.0.0)", "mujoco (>=2.3.3)", "mujoco-py (>=2.1,<2.2)", "opencv-python (>=3.0)", "pygame (>=2.1.3)", "shimmy[atari] (>=0.1.0,<1.0)", "swig (==4.*)", "torch (>=1.0.0)"]
atari = ["shimmy[atari] (>=0.1.0,<1.0)"]
box2d = ["box2d-py (==2.3.5)", "pygame (>=2.1.3)", "swig (==4.*)"]
classic-control = ["pygame (>=2.1.3)", "pygame (>=2.1.3)"]
jax = ["jax (>=0.4.0)", "jaxlib (>=0.4.0)"]
mujoco = ["imageio (>=2.14.1)", "mujoco (>=2.3.3)"]
mujoco-py = ["cython (<3)", "cython (<3)", "mujoco-py (>=2.1,<2.2)", "mujoco-py (>=2.1,<2.2)"]
other = ["lz4 (>=3.1.0)", "matplotlib (>=3.0)", "moviepy (>=1.0.0)", "opencv-python (>=3.0)", "torch (>=1.0.0)"]
testing = ["pytest (==7.1.3)", "scipy (>=1.7.3)"]
toy-text = ["pygame (>=2.1.3)", "pygame (>=2.1.3)"]

[[package]]
name = "importlib-resources"
version = "6.4.0"
description = "Read resources from Python packages"
optional = false
python-versions = ">=3.8"
files = [
    {file = "importlib_resources-6.4.0-py3-none-any.whl", hash = "sha256:50d10f043df931902d4194ea07ec57960f66a80449ff867bfe782b4c486ba78c"},
    {file = "importlib_resources-6.4.0.tar.gz", hash = "sha256:cdb2b453b8046ca4e3798eb1d84f3cce1446a0e8e7b5ef4efb600f19fc398145"},
]

[package.extras]
docs = ["furo", "jaraco.packaging (>=9.3)", "jaraco.tidelift (>=1.4)", "rst.linker (>=1.9)", "sphinx (<7.2.5)", "sphinx (>=3.5)", "sphinx-lint"]
testing = ["jaraco.test (>=5.4)", "pytest (>=6)", "pytest-checkdocs (>=2.4)", "pytest-cov", "pytest-enabler (>=2.2)", "pytest-mypy", "pytest-ruff (>=0.2.1)", "zipp (>=3.17)"]

[[package]]
name = "numpy"
version = "2.0.0"
description = "Fundamental package for array computing in Python"
optional = false
python-versions = ">=3.9"
files = [
    {file = "numpy-2.0.0-cp310-cp310-macosx_10_9_x86_64.whl", hash = "sha256:04494f6ec467ccb5369d1808570ae55f6ed9b5809d7f035059000a37b8d7e86f"},
    {file = "numpy-2.0.0-cp310-cp310-macosx_11_0_arm64.whl", hash = "sha256:2635dbd200c2d6faf2ef9a0d04f0ecc6b13b3cad54f7c67c61155138835515d2"},
    {file = "numpy-2.0.0-cp310-cp310-macosx_14_0_arm64.whl", hash = "sha256:0a43f0974d501842866cc83471bdb0116ba0dffdbaac33ec05e6afed5b615238"},
    {file = "numpy-2.0.0-cp310-cp310-macosx_14_0_x86_64.whl", hash = "sha256:8d83bb187fb647643bd56e1ae43f273c7f4dbcdf94550d7938cfc32566756514"},
    {file = "numpy-2.0.0-cp310-cp310-manylinux_2_17_aarch64.manylinux2014_aarch64.whl", hash = "sha256:79e843d186c8fb1b102bef3e2bc35ef81160ffef3194646a7fdd6a73c6b97196"},
    {file = "numpy-2.0.0-cp310-cp310-manylinux_2_17_x86_64.manylinux2014_x86_64.whl", hash = "sha256:6d7696c615765091cc5093f76fd1fa069870304beaccfd58b5dcc69e55ef49c1"},
    {file = "numpy-2.0.0-cp310-cp310-musllinux_1_1_x86_64.whl", hash = "sha256:b4c76e3d4c56f145d41b7b6751255feefae92edbc9a61e1758a98204200f30fc"},
    {file = "numpy-2.0.0-cp310-cp310-musllinux_1_2_aarch64.whl", hash = "sha256:acd3a644e4807e73b4e1867b769fbf1ce8c5d80e7caaef0d90dcdc640dfc9787"},
    {file = "numpy-2.0.0-cp310-cp310-win32.whl", hash = "sha256:cee6cc0584f71adefe2c908856ccc98702baf95ff80092e4ca46061538a2ba98"},
    {file = "numpy-2.0.0-cp310-cp310-win_amd64.whl", hash = "sha256:ed08d2703b5972ec736451b818c2eb9da80d66c3e84aed1deeb0c345fefe461b"},
    {file = "numpy-2.0.0-cp311-cp311-macosx_10_9_x86_64.whl", hash = "sha256:ad0c86f3455fbd0de6c31a3056eb822fc939f81b1618f10ff3406971893b62a5"},
    {file = "numpy-2.0.0-cp311-cp311-macosx_11_0_arm64.whl", hash = "sha256:e7f387600d424f91576af20518334df3d97bc76a300a755f9a8d6e4f5cadd289"},
    {file = "numpy-2.0.0-cp311-cp311-macosx_14_0_arm64.whl", hash = "sha256:34f003cb88b1ba38cb9a9a4a3161c1604973d7f9d5552c38bc2f04f829536609"},
    {file = "numpy-2.0.0-cp311-cp311-macosx_14_0_x86_64.whl", hash = "sha256:b6f6a8f45d0313db07d6d1d37bd0b112f887e1369758a5419c0370ba915b3871"},
    {file = "numpy-2.0.0-cp311-cp311-manylinux_2_17_aarch64.manylinux2014_aarch64.whl", hash = "sha256:5f64641b42b2429f56ee08b4f427a4d2daf916ec59686061de751a55aafa22e4"},
    {file = "numpy-2.0.0-cp311-cp311-manylinux_2_17_x86_64.manylinux2014_x86_64.whl", hash = "sha256:a7039a136017eaa92c1848152827e1424701532ca8e8967fe480fe1569dae581"},
    {file = "numpy-2.0.0-cp311-cp311-musllinux_1_1_x86_64.whl", hash = "sha256:46e161722e0f619749d1cd892167039015b2c2817296104487cd03ed4a955995"},
    {file = "numpy-2.0.0-cp311-cp311-musllinux_1_2_aarch64.whl", hash = "sha256:0e50842b2295ba8414c8c1d9d957083d5dfe9e16828b37de883f51fc53c4016f"},
    {file = "numpy-2.0.0-cp311-cp311-win32.whl", hash = "sha256:2ce46fd0b8a0c947ae047d222f7136fc4d55538741373107574271bc00e20e8f"},
    {file = "numpy-2.0.0-cp311-cp311-win_amd64.whl", hash = "sha256:fbd6acc766814ea6443628f4e6751d0da6593dae29c08c0b2606164db026970c"},
    {file = "numpy-2.0.0-cp312-cp312-macosx_10_9_x86_64.whl", hash = "sha256:354f373279768fa5a584bac997de6a6c9bc535c482592d7a813bb0c09be6c76f"},
    {file = "numpy-2.0.0-cp312-cp312-macosx_11_0_arm64.whl", hash = "sha256:4d2f62e55a4cd9c58c1d9a1c9edaedcd857a73cb6fda875bf79093f9d9086f85"},
    {file = "numpy-2.0.0-cp312-cp312-macosx_14_0_arm64.whl", hash = "sha256:1e72728e7501a450288fc8e1f9ebc73d90cfd4671ebbd631f3e7857c39bd16f2"},
    {file = "numpy-2.0.0-cp312-cp312-macosx_14_0_x86_64.whl", hash = "sha256:84554fc53daa8f6abf8e8a66e076aff6ece62de68523d9f665f32d2fc50fd66e"},
    {file = "numpy-2.0.0-cp312-cp312-manylinux_2_17_aarch64.manylinux2014_aarch64.whl", hash = "sha256:c73aafd1afca80afecb22718f8700b40ac7cab927b8abab3c3e337d70e10e5a2"},
    {file = "numpy-2.0.0-cp312-cp312-manylinux_2_17_x86_64.manylinux2014_x86_64.whl", hash = "sha256:49d9f7d256fbc804391a7f72d4a617302b1afac1112fac19b6c6cec63fe7fe8a"},
    {file = "numpy-2.0.0-cp312-cp312-musllinux_1_1_x86_64.whl", hash = "sha256:0ec84b9ba0654f3b962802edc91424331f423dcf5d5f926676e0150789cb3d95"},
    {file = "numpy-2.0.0-cp312-cp312-musllinux_1_2_aarch64.whl", hash = "sha256:feff59f27338135776f6d4e2ec7aeeac5d5f7a08a83e80869121ef8164b74af9"},
    {file = "numpy-2.0.0-cp312-cp312-win32.whl", hash = "sha256:c5a59996dc61835133b56a32ebe4ef3740ea5bc19b3983ac60cc32be5a665d54"},
    {file = "numpy-2.0.0-cp312-cp312-win_amd64.whl", hash = "sha256:a356364941fb0593bb899a1076b92dfa2029f6f5b8ba88a14fd0984aaf76d0df"},
    {file = "numpy-2.0.0-cp39-cp39-macosx_10_9_x86_64.whl", hash = "sha256:e61155fae27570692ad1d327e81c6cf27d535a5d7ef97648a17d922224b216de"},
    {file = "numpy-2.0.0-cp39-cp39-macosx_11_0_arm64.whl", hash = "sha256:4554eb96f0fd263041baf16cf0881b3f5dafae7a59b1049acb9540c4d57bc8cb"},
    {file = "numpy-2.0.0-cp39-cp39-macosx_14_0_arm64.whl", hash = "sha256:903703372d46bce88b6920a0cd86c3ad82dae2dbef157b5fc01b70ea1cfc430f"},
    {file = "numpy-2.0.0-cp39-cp39-macosx_14_0_x86_64.whl", hash = "sha256:3e8e01233d57639b2e30966c63d36fcea099d17c53bf424d77f088b0f4babd86"},
    {file = "numpy-2.0.0-cp39-cp39-manylinux_2_17_aarch64.manylinux2014_aarch64.whl", hash = "sha256:1cde1753efe513705a0c6d28f5884e22bdc30438bf0085c5c486cdaff40cd67a"},
    {file = "numpy-2.0.0-cp39-cp39-manylinux_2_17_x86_64.manylinux2014_x86_64.whl", hash = "sha256:821eedb7165ead9eebdb569986968b541f9908979c2da8a4967ecac4439bae3d"},
    {file = "numpy-2.0.0-cp39-cp39-musllinux_1_1_x86_64.whl", hash = "sha256:9a1712c015831da583b21c5bfe15e8684137097969c6d22e8316ba66b5baabe4"},
    {file = "numpy-2.0.0-cp39-cp39-musllinux_1_2_aarch64.whl", hash = "sha256:9c27f0946a3536403efb0e1c28def1ae6730a72cd0d5878db38824855e3afc44"},
    {file = "numpy-2.0.0-cp39-cp39-win32.whl", hash = "sha256:63b92c512d9dbcc37f9d81b123dec99fdb318ba38c8059afc78086fe73820275"},
    {file = "numpy-2.0.0-cp39-cp39-win_amd64.whl", hash = "sha256:3f6bed7f840d44c08ebdb73b1825282b801799e325bcbdfa6bc5c370e5aecc65"},
    {file = "numpy-2.0.0-pp39-pypy39_pp73-macosx_10_9_x86_64.whl", hash = "sha256:9416a5c2e92ace094e9f0082c5fd473502c91651fb896bc17690d6fc475128d6"},
    {file = "numpy-2.0.0-pp39-pypy39_pp73-macosx_14_0_x86_64.whl", hash = "sha256:17067d097ed036636fa79f6a869ac26df7db1ba22039d962422506640314933a"},
    {file = "numpy-2.0.0-pp39-pypy39_pp73-manylinux_2_17_x86_64.manylinux2014_x86_64.whl", hash = "sha256:38ecb5b0582cd125f67a629072fed6f83562d9dd04d7e03256c9829bdec027ad"},
    {file = "numpy-2.0.0-pp39-pypy39_pp73-win_amd64.whl", hash = "sha256:cef04d068f5fb0518a77857953193b6bb94809a806bd0a14983a8f12ada060c9"},
    {file = "numpy-2.0.0.tar.gz", hash = "sha256:cf5d1c9e6837f8af9f92b6bd3e86d513cdc11f60fd62185cc49ec7d1aba34864"},
]

[[package]]
name = "pyobjc-core"
version = "10.3.1"
description = "Python<->ObjC Interoperability Module"
optional = false
python-versions = ">=3.8"
files = [
    {file = "pyobjc_core-10.3.1-cp310-cp310-macosx_10_9_universal2.whl", hash = "sha256:ea46d2cda17921e417085ac6286d43ae448113158afcf39e0abe484c58fb3d78"},
    {file = "pyobjc_core-10.3.1-cp311-cp311-macosx_10_9_universal2.whl", hash = "sha256:899d3c84d2933d292c808f385dc881a140cf08632907845043a333a9d7c899f9"},
    {file = "pyobjc_core-10.3.1-cp312-cp312-macosx_10_9_universal2.whl", hash = "sha256:6ff5823d13d0a534cdc17fa4ad47cf5bee4846ce0fd27fc40012e12b46db571b"},
    {file = "pyobjc_core-10.3.1-cp313-cp313-macosx_10_13_universal2.whl", hash = "sha256:2581e8e68885bcb0e11ec619e81ef28e08ee3fac4de20d8cc83bc5af5bcf4a90"},
    {file = "pyobjc_core-10.3.1-cp38-cp38-macosx_10_9_x86_64.whl", hash = "sha256:ea98d4c2ec39ca29e62e0327db21418696161fb138ee6278daf2acbedf7ce504"},
    {file = "pyobjc_core-10.3.1-cp38-cp38-macosx_11_0_universal2.whl", hash = "sha256:4c179c26ee2123d0aabffb9dbc60324b62b6f8614fb2c2328b09386ef59ef6d8"},
    {file = "pyobjc_core-10.3.1-cp39-cp39-macosx_10_9_universal2.whl", hash = "sha256:cb901fce65c9be420c40d8a6ee6fff5ff27c6945f44fd7191989b982baa66dea"},
    {file = "pyobjc_core-10.3.1.tar.gz", hash = "sha256:b204a80ccc070f9ab3f8af423a3a25a6fd787e228508d00c4c30f8ac538ba720"},
]

[[package]]
name = "pyobjc-framework-cocoa"
version = "10.3.1"
description = "Wrappers for the Cocoa frameworks on macOS"
optional = false
python-versions = ">=3.8"
files = [
    {file = "pyobjc_framework_Cocoa-10.3.1-cp310-cp310-macosx_10_9_universal2.whl", hash = "sha256:4cb4f8491ab4d9b59f5187e42383f819f7a46306a4fa25b84f126776305291d1"},
    {file = "pyobjc_framework_Cocoa-10.3.1-cp311-cp311-macosx_10_9_universal2.whl", hash = "sha256:5f31021f4f8fdf873b57a97ee1f3c1620dbe285e0b4eaed73dd0005eb72fd773"},
    {file = "pyobjc_framework_Cocoa-10.3.1-cp312-cp312-macosx_10_9_universal2.whl", hash = "sha256:11b4e0bad4bbb44a4edda128612f03cdeab38644bbf174de0c13129715497296"},
    {file = "pyobjc_framework_Cocoa-10.3.1-cp313-cp313-macosx_10_13_universal2.whl", hash = "sha256:de5e62e5ccf2871a94acf3bf79646b20ea893cc9db78afa8d1fe1b0d0f7cbdb0"},
    {file = "pyobjc_framework_Cocoa-10.3.1-cp38-cp38-macosx_10_9_x86_64.whl", hash = "sha256:6c5af24610ab639bd1f521ce4500484b40787f898f691b7a23da3339e6bc8b90"},
    {file = "pyobjc_framework_Cocoa-10.3.1-cp38-cp38-macosx_11_0_universal2.whl", hash = "sha256:a7151186bb7805deea434fae9a4423335e6371d105f29e73cc2036c6779a9dbc"},
    {file = "pyobjc_framework_Cocoa-10.3.1-cp39-cp39-macosx_10_9_universal2.whl", hash = "sha256:743d2a1ac08027fd09eab65814c79002a1d0421d7c0074ffd1217b6560889744"},
    {file = "pyobjc_framework_cocoa-10.3.1.tar.gz", hash = "sha256:1cf20714daaa986b488fb62d69713049f635c9d41a60c8da97d835710445281a"},
]

[package.dependencies]
pyobjc-core = ">=10.3.1"

[[package]]
name = "pyobjc-framework-libdispatch"
version = "10.3.1"
description = "Wrappers for libdispatch on macOS"
optional = false
python-versions = ">=3.8"
files = [
    {file = "pyobjc_framework_libdispatch-10.3.1-cp310-cp310-macosx_10_9_universal2.whl", hash = "sha256:5543aea8acd53fb02bcf962b003a2a9c2bdacf28dc290c31a3d2de7543ef8392"},
    {file = "pyobjc_framework_libdispatch-10.3.1-cp311-cp311-macosx_10_9_universal2.whl", hash = "sha256:3e0db3138aae333f0b87b42586bc016430a76638af169aab9cef6afee4e5f887"},
    {file = "pyobjc_framework_libdispatch-10.3.1-cp312-cp312-macosx_10_9_universal2.whl", hash = "sha256:b209dbc9338cd87e053ede4d782b8c445bcc0b9a3d0365a6ffa1f9cd5143c301"},
    {file = "pyobjc_framework_libdispatch-10.3.1-cp313-cp313-macosx_10_13_universal2.whl", hash = "sha256:a74e62314376dc2d34bc5d4a86cedaf5795786178ebccd0553c58e8fa73400a3"},
    {file = "pyobjc_framework_libdispatch-10.3.1-cp38-cp38-macosx_10_9_x86_64.whl", hash = "sha256:8e8fb27ac86d48605eb2107ac408ed8de281751df81f5430fe66c8228d7626b8"},
    {file = "pyobjc_framework_libdispatch-10.3.1-cp38-cp38-macosx_11_0_universal2.whl", hash = "sha256:0a7a19afef70c98b3b527fb2c9adb025444bcb50f65c8d7b949f1efb51bde577"},
    {file = "pyobjc_framework_libdispatch-10.3.1-cp39-cp39-macosx_10_9_universal2.whl", hash = "sha256:109044cddecb3332cbb75f14819cd01b98aacfefe91204c776b491eccc58a112"},
    {file = "pyobjc_framework_libdispatch-10.3.1.tar.gz", hash = "sha256:f5c3475498cb32f54d75e21952670e4a32c8517fb2db2e90869f634edc942446"},
]

[package.dependencies]
pyobjc-core = ">=10.3.1"
pyobjc-framework-Cocoa = ">=10.3.1"

[[package]]
name = "pyobjc-framework-metal"
version = "10.3.1"
description = "Wrappers for the framework Metal on macOS"
optional = false
python-versions = ">=3.8"
files = [
    {file = "pyobjc_framework_Metal-10.3.1-cp36-abi3-macosx_10_13_universal2.whl", hash = "sha256:4a42f3aa47eb5e0d3f29bf07f239c2ba33725701546ea6d3c5d019133e0fbce1"},
    {file = "pyobjc_framework_Metal-10.3.1-cp36-abi3-macosx_10_9_universal2.whl", hash = "sha256:cc33d05e376d3a2f42da24b397f6353d9cb8e5990c79c9255a82637b7b8f256c"},
    {file = "pyobjc_framework_Metal-10.3.1-cp36-abi3-macosx_10_9_x86_64.whl", hash = "sha256:22762ba170d0fc4538dd7f582da1fd7673160e369eca74efe3d6d35bfdd50522"},
    {file = "pyobjc_framework_Metal-10.3.1-cp36-abi3-macosx_11_0_universal2.whl", hash = "sha256:7fef3ebfd6cfbd7cbfe45aaa86dd32034303d933871d8450f4c990dbdefda176"},
    {file = "pyobjc_framework_metal-10.3.1.tar.gz", hash = "sha256:495307db0bfd2063f28b7c8fa350af71afcfbf5f5f2186a6a751b4cb2ef46a1a"},
]

[package.dependencies]
pyobjc-core = ">=10.3.1"
pyobjc-framework-Cocoa = ">=10.3.1"

[[package]]
name = "shimmy"
version = "0.2.1"
description = "API for converting popular non-gymnasium environments to a gymnasium compatible environment."
optional = false
python-versions = ">=3.7"
files = [
    {file = "Shimmy-0.2.1-py3-none-any.whl", hash = "sha256:2d7d21c4ca679a64bb452e6a4232c6b0f5dba7589f5420454ddc1f0634334334"},
    {file = "Shimmy-0.2.1.tar.gz", hash = "sha256:7b96915445ee5488dcb19ccf52ce5581d6f00cc5cf0e0dff36b16cd65bffcb75"},
]

[package.dependencies]
gymnasium = ">=0.27.0"
numpy = ">=1.18.0"

[package.extras]
all = ["ale-py (>=0.8.1,<0.9.0)", "dm-control (>=1.0.10)", "gym (>=0.21)", "h5py (>=3.7.0)", "imageio", "open-spiel (>=1.2)", "pettingzoo (>=1.22)"]
atari = ["ale-py (>=0.8.1,<0.9.0)"]
dm-control = ["dm-control (>=1.0.10)", "h5py (>=3.7.0)", "imageio"]
dm-control-multi-agent = ["dm-control (>=1.0.10)", "pettingzoo (>=1.22)"]
gym = ["gym (>=0.21)"]
openspiel = ["open-spiel (>=1.2)", "pettingzoo (>=1.22)"]
testing = ["autorom[accept-rom-license] (>=0.4.2,<0.5.0)", "pillow (>=9.3.0)", "pytest (==7.1.3)"]

[[package]]
name = "tinygrad"
version = "0.9.0"
description = "You like pytorch? You like micrograd? You love tinygrad! <3"
optional = false
python-versions = ">=3.8"
files = [
    {file = "tinygrad-0.9.0-py3-none-any.whl", hash = "sha256:451847f71b45be53db6179e80574d3e55678f56e73ab853dc08006074ce020c8"},
    {file = "tinygrad-0.9.0.tar.gz", hash = "sha256:8a51478aa71e4306f2ba6858538c4ddd731be161cfa371a171d92108afed0e94"},
]

[package.dependencies]
numpy = "*"
pyobjc-framework-libdispatch = {version = "*", markers = "platform_system == \"Darwin\""}
pyobjc-framework-Metal = {version = "*", markers = "platform_system == \"Darwin\""}
tqdm = "*"

[package.extras]
arm = ["unicorn"]
docs = ["black", "markdown-callouts", "markdown-exec[ansi]", "mkdocs-material", "mkdocstrings[python]"]
linting = ["mypy", "pre-commit", "pylint", "ruff", "types-tqdm", "typing-extensions"]
llvm = ["llvmlite"]
testing = ["hypothesis", "librosa", "networkx", "nibabel", "onnx (==1.16.0)", "onnx2torch", "opencv-python", "pillow", "pytest", "pytest-xdist", "safetensors", "sentencepiece", "tabulate", "tiktoken", "torch", "transformers"]
testing-tf = ["tensorflow (==2.15.1)", "tensorflow-addons"]
triton = ["triton-nightly (>=2.1.0.dev20231014192330)"]

[[package]]
name = "tqdm"
version = "4.66.4"
description = "Fast, Extensible Progress Meter"
optional = false
python-versions = ">=3.7"
files = [
    {file = "tqdm-4.66.4-py3-none-any.whl", hash = "sha256:b75ca56b413b030bc3f00af51fd2c1a1a5eac6a0c1cca83cbb37a5c52abce644"},
    {file = "tqdm-4.66.4.tar.gz", hash = "sha256:e4d936c9de8727928f3be6079590e97d9abfe8d39a590be678eb5919ffc186bb"},
]

[package.dependencies]
colorama = {version = "*", markers = "platform_system == \"Windows\""}

[package.extras]
dev = ["pytest (>=6)", "pytest-cov", "pytest-timeout", "pytest-xdist"]
notebook = ["ipywidgets (>=6)"]
slack = ["slack-sdk"]
telegram = ["requests"]

[[package]]
name = "typing-extensions"
version = "4.12.2"
description = "Backported and Experimental Type Hints for Python 3.8+"
optional = false
python-versions = ">=3.8"
files = [
    {file = "typing_extensions-4.12.2-py3-none-any.whl", hash = "sha256:04e5ca0351e0f3f85c6853954072df659d0d13fac324d0072316b67d7794700d"},
    {file = "typing_extensions-4.12.2.tar.gz", hash = "sha256:1a7ead55c7e559dd4dee8856e3a88b41225abfe1ce8df57b7c13915fe121ffb8"},
]

[metadata]
lock-version = "2.0"
python-versions = "^3.11"
content-hash = "8271d1a58b230384847aa67ee10286389300c32e1b812b8167a4bc2434671cf7"
